
Microsoft Visual Studio Solution File, Format Version 12.00
# Visual Studio Version 17
VisualStudioVersion = 17.10.35027.167
MinimumVisualStudioVersion = 10.0.40219.1
Project("{9A19103F-16F7-4668-BE54-9A1E7A4F7556}") = "BackendDemo.Server", "AngularApp4.Server\BackendDemo.Server.csproj", "{0659F3E5-31E8-4F47-B784-7B2D86C78498}"
EndProject
Global
	GlobalSection(SolutionConfigurationPlatforms) = preSolution
		Debug|Any CPU = Debug|Any CPU
		Release|Any CPU = Release|Any CPU
	EndGlobalSection
	GlobalSection(ProjectConfigurationPlatforms) = postSolution
		{0659F3E5-31E8-4F47-B784-7B2D86C78498}.Debug|Any CPU.ActiveCfg = Debug|Any CPU
		{0659F3E5-31E8-4F47-B784-7B2D86C78498}.Debug|Any CPU.Build.0 = Debug|Any CPU
		{0659F3E5-31E8-4F47-B784-7B2D86C78498}.Release|Any CPU.ActiveCfg = Release|Any CPU
		{0659F3E5-31E8-4F47-B784-7B2D86C78498}.Release|Any CPU.Build.0 = Release|Any CPU
	EndGlobalSection
	GlobalSection(SolutionProperties) = preSolution
		HideSolutionNode = FALSE
	EndGlobalSection
	GlobalSection(ExtensibilityGlobals) = postSolution
		SolutionGuid = {CFA5883D-A619-44D7-9F67-2FCCDE549D94}
	EndGlobalSection
EndGlobal
